
Microsoft Visual Studio Solution File, Format Version 12.00
# Visual Studio Version 16
VisualStudioVersion = 16.0.29613.14
MinimumVisualStudioVersion = 10.0.40219.1
Project("{FAE04EC0-301F-11D3-BF4B-00C04F79EFBC}") = "Demo", "Demo\Demo.csproj", "{BC01411A-861A-4CD1-A298-75AA371D1E24}"
EndProject
Global
	GlobalSection(SolutionConfigurationPlatforms) = preSolution
		Debug|Any CPU = Debug|Any CPU
		Release|Any CPU = Release|Any CPU
	EndGlobalSection
	GlobalSection(ProjectConfigurationPlatforms) = postSolution
		{BC01411A-861A-4CD1-A298-75AA371D1E24}.Debug|Any CPU.ActiveCfg = Debug|Any CPU
		{BC01411A-861A-4CD1-A298-75AA371D1E24}.Debug|Any CPU.Build.0 = Debug|Any CPU
		{BC01411A-861A-4CD1-A298-75AA371D1E24}.Release|Any CPU.ActiveCfg = Release|Any CPU
		{BC01411A-861A-4CD1-A298-75AA371D1E24}.Release|Any CPU.Build.0 = Release|Any CPU
	EndGlobalSection
	GlobalSection(SolutionProperties) = preSolution
		HideSolutionNode = FALSE
	EndGlobalSection
	GlobalSection(ExtensibilityGlobals) = postSolution
		SolutionGuid = {DFAB607D-3B07-4830-B4F6-8BB0C94AF209}
	EndGlobalSection
EndGlobal
